
Microsoft Visual Studio Solution File, Format Version 12.00
# Visual Studio 15
VisualStudioVersion = 15.0.27130.2010
MinimumVisualStudioVersion = 10.0.40219.1
Project("{FAE04EC0-301F-11D3-BF4B-00C04F79EFBC}") = "SimpleWebAPI", "SimpleWebAPI\SimpleWebAPI.csproj", "{2C5742EF-C70F-4596-91E9-75AE7D34A71D}"
EndProject
Global
	GlobalSection(SolutionConfigurationPlatforms) = preSolution
		Debug|Any CPU = Debug|Any CPU
		Release|Any CPU = Release|Any CPU
	EndGlobalSection
	GlobalSection(ProjectConfigurationPlatforms) = postSolution
		{2C5742EF-C70F-4596-91E9-75AE7D34A71D}.Debug|Any CPU.ActiveCfg = Debug|Any CPU
		{2C5742EF-C70F-4596-91E9-75AE7D34A71D}.Debug|Any CPU.Build.0 = Debug|Any CPU
		{2C5742EF-C70F-4596-91E9-75AE7D34A71D}.Release|Any CPU.ActiveCfg = Release|Any CPU
		{2C5742EF-C70F-4596-91E9-75AE7D34A71D}.Release|Any CPU.Build.0 = Release|Any CPU
	EndGlobalSection
	GlobalSection(SolutionProperties) = preSolution
		HideSolutionNode = FALSE
	EndGlobalSection
	GlobalSection(ExtensibilityGlobals) = postSolution
		SolutionGuid = {E7BD9E90-F12E-4514-A7AD-7AB49E58B78E}
	EndGlobalSection
EndGlobal
